
Microsoft Visual Studio Solution File, Format Version 12.00
# Visual Studio Version 17
VisualStudioVersion = 17.13.35825.156 d17.13
MinimumVisualStudioVersion = 10.0.40219.1
Project("{FAE04EC0-301F-11D3-BF4B-00C04F79EFBC}") = "GroupProject", "GroupProject\GroupProject.csproj", "{56A80584-D364-43AE-8CD1-37790A4C84A0}"
EndProject
Global
	GlobalSection(SolutionConfigurationPlatforms) = preSolution
		Debug|Any CPU = Debug|Any CPU
		Release|Any CPU = Release|Any CPU
	EndGlobalSection
	GlobalSection(ProjectConfigurationPlatforms) = postSolution
		{56A80584-D364-43AE-8CD1-37790A4C84A0}.Debug|Any CPU.ActiveCfg = Debug|Any CPU
		{56A80584-D364-43AE-8CD1-37790A4C84A0}.Debug|Any CPU.Build.0 = Debug|Any CPU
		{56A80584-D364-43AE-8CD1-37790A4C84A0}.Release|Any CPU.ActiveCfg = Release|Any CPU
		{56A80584-D364-43AE-8CD1-37790A4C84A0}.Release|Any CPU.Build.0 = Release|Any CPU
	EndGlobalSection
	GlobalSection(SolutionProperties) = preSolution
		HideSolutionNode = FALSE
	EndGlobalSection
	GlobalSection(ExtensibilityGlobals) = postSolution
		SolutionGuid = {F46A1D77-65CA-4D53-935B-D6F249BBCB33}
	EndGlobalSection
EndGlobal
